// !$*UTF8*$!
{
	archiveVersion = 1;
	classes = {
	};
	objectVersion = 50;
	objects = {

/* Begin PBXBuildFile section */
		EA9EC78E257C8D1B00009CE0 /* AppDelegate.swift in Sources */ = {isa = PBXBuildFile; fileRef = EA9EC78D257C8D1B00009CE0 /* AppDelegate.swift */; };
		EA9EC790257C8D1B00009CE0 /* SceneDelegate.swift in Sources */ = {isa = PBXBuildFile; fileRef = EA9EC78F257C8D1B00009CE0 /* SceneDelegate.swift */; };
		EA9EC792257C8D1B00009CE0 /* ViewController.swift in Sources */ = {isa = PBXBuildFile; fileRef = EA9EC791257C8D1B00009CE0 /* ViewController.swift */; };
		EA9EC795257C8D1B00009CE0 /* Main.storyboard in Resources */ = {isa = PBXBuildFile; fileRef = EA9EC793257C8D1B00009CE0 /* Main.storyboard */; };
		EA9EC797257C8D1B00009CE0 /* Assets.xcassets in Resources */ = {isa = PBXBuildFile; fileRef = EA9EC796257C8D1B00009CE0 /* Assets.xcassets */; };
		EA9EC79A257C8D1B00009CE0 /* LaunchScreen.storyboard in Resources */ = {isa = PBXBuildFile; fileRef = EA9EC798257C8D1B00009CE0 /* LaunchScreen.storyboard */; };
		EA9EC7A3257C8D4500009CE0 /* TodoModel.swift in Sources */ = {isa = PBXBuildFile; fileRef = EA9EC7A2257C8D4500009CE0 /* TodoModel.swift */; };
		EAEF00FC257C91B30090508E /* ViewModel.swift in Sources */ = {isa = PBXBuildFile; fileRef = EAEF00FB257C91B30090508E /* ViewModel.swift */; };
/* End PBXBuildFile section */

/* Begin PBXFileReference section */
		EA9EC78A257C8D1B00009CE0 /* ToDoMVVM.app */ = {isa = PBXFileReference; explicitFileType = wrapper.application; includeInIndex = 0; path = ToDoMVVM.app; sourceTree = BUILT_PRODUCTS_DIR; };
		EA9EC78D257C8D1B00009CE0 /* AppDelegate.swift */ = {isa = PBXFileReference; lastKnownFileType = sourcecode.swift; path = AppDelegate.swift; sourceTree = "<group>"; };
		EA9EC78F257C8D1B00009CE0 /* SceneDelegate.swift */ = {isa = PBXFileReference; lastKnownFileType = sourcecode.swift; path = SceneDelegate.swift; sourceTree = "<group>"; };
		EA9EC791257C8D1B00009CE0 /* ViewController.swift */ = {isa = PBXFileReference; lastKnownFileType = sourcecode.swift; path = ViewController.swift; sourceTree = "<group>"; };
		EA9EC794257C8D1B00009CE0 /* Base */ = {isa = PBXFileReference; lastKnownFileType = file.storyboard; name = Base; path = Base.lproj/Main.storyboard; sourceTree = "<group>"; };
		EA9EC796257C8D1B00009CE0 /* Assets.xcassets */ = {isa = PBXFileReference; lastKnownFileType = folder.assetcatalog; path = Assets.xcassets; sourceTree = "<group>"; };
		EA9EC799257C8D1B00009CE0 /* Base */ = {isa = PBXFileReference; lastKnownFileType = file.storyboard; name = Base; path = Base.lproj/LaunchScreen.storyboard; sourceTree = "<group>"; };
		EA9EC79B257C8D1B00009CE0 /* Info.plist */ = {isa = PBXFileReference; lastKnownFileType = text.plist.xml; path = Info.plist; sourceTree = "<group>"; };
		EA9EC7A2257C8D4500009CE0 /* TodoModel.swift */ = {isa = PBXFileReference; lastKnownFileType = sourcecode.swift; path = TodoModel.swift; sourceTree = "<group>"; };
		EAEF00FB257C91B30090508E /* ViewModel.swift */ = {isa = PBXFileReference; lastKnownFileType = sourcecode.swift; path = ViewModel.swift; sourceTree = "<group>"; };
/* End PBXFileReference section */

/* Begin PBXFrameworksBuildPhase section */
		EA9EC787257C8D1B00009CE0 /* Frameworks */ = {
			isa = PBXFrameworksBuildPhase;
			buildActionMask = 2147483647;
			files = (
			);
			runOnlyForDeploymentPostprocessing = 0;
		};
/* End PBXFrameworksBuildPhase section */

/* Begin PBXGroup section */
		EA9EC781257C8D1A00009CE0 = {
			isa = PBXGroup;
			children = (
				EA9EC78C257C8D1B00009CE0 /* ToDoMVVM */,
				EA9EC78B257C8D1B00009CE0 /* Products */,
			);
			sourceTree = "<group>";
		};
		EA9EC78B257C8D1B00009CE0 /* Products */ = {
			isa = PBXGroup;
			children = (
				EA9EC78A257C8D1B00009CE0 /* ToDoMVVM.app */,
			);
			name = Products;
			sourceTree = "<group>";
		};
		EA9EC78C257C8D1B00009CE0 /* ToDoMVVM */ = {
			isa = PBXGroup;
			children = (
				EAEF00FA257C91A40090508E /* ViewModel */,
				EA9EC7A5257C8D4900009CE0 /* Model */,
				EA9EC78D257C8D1B00009CE0 /* AppDelegate.swift */,
				EA9EC78F257C8D1B00009CE0 /* SceneDelegate.swift */,
				EA9EC791257C8D1B00009CE0 /* ViewController.swift */,
				EA9EC793257C8D1B00009CE0 /* Main.storyboard */,
				EA9EC796257C8D1B00009CE0 /* Assets.xcassets */,
				EA9EC798257C8D1B00009CE0 /* LaunchScreen.storyboard */,
				EA9EC79B257C8D1B00009CE0 /* Info.plist */,
			);
			path = ToDoMVVM;
			sourceTree = "<group>";
		};
		EA9EC7A5257C8D4900009CE0 /* Model */ = {
			isa = PBXGroup;
			children = (
				EA9EC7A2257C8D4500009CE0 /* TodoModel.swift */,
			);
			path = Model;
			sourceTree = "<group>";
		};
		EAEF00FA257C91A40090508E /* ViewModel */ = {
			isa = PBXGroup;
			children = (
				EAEF00FB257C91B30090508E /* ViewModel.swift */,
			);
			path = ViewModel;
			sourceTree = "<group>";
		};
/* End PBXGroup section */

/* Begin PBXNativeTarget section */
		EA9EC789257C8D1B00009CE0 /* ToDoMVVM */ = {
			isa = PBXNativeTarget;
			buildConfigurationList = EA9EC79E257C8D1B00009CE0 /* Build configuration list for PBXNativeTarget "ToDoMVVM" */;
			buildPhases = (
				EA9EC786257C8D1B00009CE0 /* Sources */,
				EA9EC787257C8D1B00009CE0 /* Frameworks */,
				EA9EC788257C8D1B00009CE0 /* Resources */,
			);
			buildRules = (
			);
			dependencies = (
			);
			name = ToDoMVVM;
			productName = ToDoMVVM;
			productReference = EA9EC78A257C8D1B00009CE0 /* ToDoMVVM.app */;
			productType = "com.apple.product-type.application";
		};
/* End PBXNativeTarget section */

/* Begin PBXProject section */
		EA9EC782257C8D1A00009CE0 /* Project object */ = {
			isa = PBXProject;
			attributes = {
				LastSwiftUpdateCheck = 1210;
				LastUpgradeCheck = 1210;
				TargetAttributes = {
					EA9EC789257C8D1B00009CE0 = {
						CreatedOnToolsVersion = 12.1;
					};
				};
			};
			buildConfigurationList = EA9EC785257C8D1A00009CE0 /* Build configuration list for PBXProject "ToDoMVVM" */;
			compatibilityVersion = "Xcode 9.3";
			developmentRegion = en;
			hasScannedForEncodings = 0;
			knownRegions = (
				en,
				Base,
			);
			mainGroup = EA9EC781257C8D1A00009CE0;
			productRefGroup = EA9EC78B257C8D1B00009CE0 /* Products */;
			projectDirPath = "";
			projectRoot = "";
			targets = (
				EA9EC789257C8D1B00009CE0 /* ToDoMVVM */,
			);
		};
/* End PBXProject section */

/* Begin PBXResourcesBuildPhase section */
		EA9EC788257C8D1B00009CE0 /* Resources */ = {
			isa = PBXResourcesBuildPhase;
			buildActionMask = 2147483647;
			files = (
				EA9EC79A257C8D1B00009CE0 /* LaunchScreen.storyboard in Resources */,
				EA9EC797257C8D1B00009CE0 /* Assets.xcassets in Resources */,
				EA9EC795257C8D1B00009CE0 /* Main.storyboard in Resources */,
			);
			runOnlyForDeploymentPostprocessing = 0;
		};
/* End PBXResourcesBuildPhase section */

/* Begin PBXSourcesBuildPhase section */
		EA9EC786257C8D1B00009CE0 /* Sources */ = {
			isa = PBXSourcesBuildPhase;
			buildActionMask = 2147483647;
			files = (
				EAEF00FC257C91B30090508E /* ViewModel.swift in Sources */,
				EA9EC792257C8D1B00009CE0 /* ViewController.swift in Sources */,
				EA9EC7A3257C8D4500009CE0 /* TodoModel.swift in Sources */,
				EA9EC78E257C8D1B00009CE0 /* AppDelegate.swift in Sources */,
				EA9EC790257C8D1B00009CE0 /* SceneDelegate.swift in Sources */,
			);
			runOnlyForDeploymentPostprocessing = 0;
		};
/* End PBXSourcesBuildPhase section */

/* Begin PBXVariantGroup section */
		EA9EC793257C8D1B00009CE0 /* Main.storyboard */ = {
			isa = PBXVariantGroup;
			children = (
				EA9EC794257C8D1B00009CE0 /* Base */,
			);
			name = Main.storyboard;
			sourceTree = "<group>";
		};
		EA9EC798257C8D1B00009CE0 /* LaunchScreen.storyboard */ = {
			isa = PBXVariantGroup;
			children = (
				EA9EC799257C8D1B00009CE0 /* Base */,
			);
			name = LaunchScreen.storyboard;
			sourceTree = "<group>";
		};
/* End PBXVariantGroup section */

/* Begin XCBuildConfiguration section */
		EA9EC79C257C8D1B00009CE0 /* Debug */ = {
			isa = XCBuildConfiguration;
			buildSettings = {
				ALWAYS_SEARCH_USER_PATHS = NO;
				CLANG_ANALYZER_NONNULL = YES;
				CLANG_ANALYZER_NUMBER_OBJECT_CONVERSION = YES_AGGRESSIVE;
				CLANG_CXX_LANGUAGE_STANDARD = "gnu++14";
				CLANG_CXX_LIBRARY = "libc++";
				CLANG_ENABLE_MODULES = YES;
				CLANG_ENABLE_OBJC_ARC = YES;
				CLANG_ENABLE_OBJC_WEAK = YES;
				CLANG_WARN_BLOCK_CAPTURE_AUTORELEASING = YES;
				CLANG_WARN_BOOL_CONVERSION = YES;
				CLANG_WARN_COMMA = YES;
				CLANG_WARN_CONSTANT_CONVERSION = YES;
				CLANG_WARN_DEPRECATED_OBJC_IMPLEMENTATIONS = YES;
				CLANG_WARN_DIRECT_OBJC_ISA_USAGE = YES_ERROR;
				CLANG_WARN_DOCUMENTATION_COMMENTS = YES;
				CLANG_WARN_EMPTY_BODY = YES;
				CLANG_WARN_ENUM_CONVERSION = YES;
				CLANG_WARN_INFINITE_RECURSION = YES;
				CLANG_WARN_INT_CONVERSION = YES;
				CLANG_WARN_NON_LITERAL_NULL_CONVERSION = YES;
				CLANG_WARN_OBJC_IMPLICIT_RETAIN_SELF = YES;
				CLANG_WARN_OBJC_LITERAL_CONVERSION = YES;
				CLANG_WARN_OBJC_ROOT_CLASS = YES_ERROR;
				CLANG_WARN_QUOTED_INCLUDE_IN_FRAMEWORK_HEADER = YES;
				CLANG_WARN_RANGE_LOOP_ANALYSIS = YES;
				CLANG_WARN_STRICT_PROTOTYPES = YES;
				CLANG_WARN_SUSPICIOUS_MOVE = YES;
				CLANG_WARN_UNGUARDED_AVAILABILITY = YES_AGGRESSIVE;
				CLANG_WARN_UNREACHABLE_CODE = YES;
				CLANG_WARN__DUPLICATE_METHOD_MATCH = YES;
				COPY_PHASE_STRIP = NO;
				DEBUG_INFORMATION_FORMAT = dwarf;
				ENABLE_STRICT_OBJC_MSGSEND = YES;
				ENABLE_TESTABILITY = YES;
				GCC_C_LANGUAGE_STANDARD = gnu11;
				GCC_DYNAMIC_NO_PIC = NO;
				GCC_NO_COMMON_BLOCKS = YES;
				GCC_OPTIMIZATION_LEVEL = 0;
				GCC_PREPROCESSOR_DEFINITIONS = (
					"DEBUG=1",
					"$(inherited)",
				);
				GCC_WARN_64_TO_32_BIT_CONVERSION = YES;
				GCC_WARN_ABOUT_RETURN_TYPE = YES_ERROR;
				GCC_WARN_UNDECLARED_SELECTOR = YES;
				GCC_WARN_UNINITIALIZED_AUTOS = YES_AGGRESSIVE;
				GCC_WARN_UNUSED_FUNCTION = YES;
				GCC_WARN_UNUSED_VARIABLE = YES;
				IPHONEOS_DEPLOYMENT_TARGET = 14.1;
				MTL_ENABLE_DEBUG_INFO = INCLUDE_SOURCE;
				MTL_FAST_MATH = YES;
				ONLY_ACTIVE_ARCH = YES;
				SDKROOT = iphoneos;
				SWIFT_ACTIVE_COMPILATION_CONDITIONS = DEBUG;
				SWIFT_OPTIMIZATION_LEVEL = "-Onone";
			};
			name = Debug;
		};
		EA9EC79D257C8D1B00009CE0 /* Release */ = {
			isa = XCBuildConfiguration;
			buildSettings = {
				ALWAYS_SEARCH_USER_PATHS = NO;
				CLANG_ANALYZER_NONNULL = YES;
				CLANG_ANALYZER_NUMBER_OBJECT_CONVERSION = YES_AGGRESSIVE;
				CLANG_CXX_LANGUAGE_STANDARD = "gnu++14";
				CLANG_CXX_LIBRARY = "libc++";
				CLANG_ENABLE_MODULES = YES;
				CLANG_ENABLE_OBJC_ARC = YES;
				CLANG_ENABLE_OBJC_WEAK = YES;
				CLANG_WARN_BLOCK_CAPTURE_AUTORELEASING = YES;
				CLANG_WARN_BOOL_CONVERSION = YES;
				CLANG_WARN_COMMA = YES;
				CLANG_WARN_CONSTANT_CONVERSION = YES;
				CLANG_WARN_DEPRECATED_OBJC_IMPLEMENTATIONS = YES;
				CLANG_WARN_DIRECT_OBJC_ISA_USAGE = YES_ERROR;
				CLANG_WARN_DOCUMENTATION_COMMENTS = YES;
				CLANG_WARN_EMPTY_BODY = YES;
				CLANG_WARN_ENUM_CONVERSION = YES;
				CLANG_WARN_INFINITE_RECURSION = YES;
				CLANG_WARN_INT_CONVERSION = YES;
				CLANG_WARN_NON_LITERAL_NULL_CONVERSION = YES;
				CLANG_WARN_OBJC_IMPLICIT_RETAIN_SELF = YES;
				CLANG_WARN_OBJC_LITERAL_CONVERSION = YES;
				CLANG_WARN_OBJC_ROOT_CLASS = YES_ERROR;
				CLANG_WARN_QUOTED_INCLUDE_IN_FRAMEWORK_HEADER = YES;
				CLANG_WARN_RANGE_LOOP_ANALYSIS = YES;
				CLANG_WARN_STRICT_PROTOTYPES = YES;
				CLANG_WARN_SUSPICIOUS_MOVE = YES;
				CLANG_WARN_UNGUARDED_AVAILABILITY = YES_AGGRESSIVE;
				CLANG_WARN_UNREACHABLE_CODE = YES;
				CLANG_WARN__DUPLICATE_METHOD_MATCH = YES;
				COPY_PHASE_STRIP = NO;
				DEBUG_INFORMATION_FORMAT = "dwarf-with-dsym";
				ENABLE_NS_ASSERTIONS = NO;
				ENABLE_STRICT_OBJC_MSGSEND = YES;
				GCC_C_LANGUAGE_STANDARD = gnu11;
				GCC_NO_COMMON_BLOCKS = YES;
				GCC_WARN_64_TO_32_BIT_CONVERSION = YES;
				GCC_WARN_ABOUT_RETURN_TYPE = YES_ERROR;
				GCC_WARN_UNDECLARED_SELECTOR = YES;
				GCC_WARN_UNINITIALIZED_AUTOS = YES_AGGRESSIVE;
				GCC_WARN_UNUSED_FUNCTION = YES;
				GCC_WARN_UNUSED_VARIABLE = YES;
				IPHONEOS_DEPLOYMENT_TARGET = 14.1;
				MTL_ENABLE_DEBUG_INFO = NO;
				MTL_FAST_MATH = YES;
				SDKROOT = iphoneos;
				SWIFT_COMPILATION_MODE = wholemodule;
				SWIFT_OPTIMIZATION_LEVEL = "-O";
				VALIDATE_PRODUCT = YES;
			};
			name = Release;
		};
		EA9EC79F257C8D1B00009CE0 /* Debug */ = {
			isa = XCBuildConfiguration;
			buildSettings = {
				ASSETCATALOG_COMPILER_APPICON_NAME = AppIcon;
				ASSETCATALOG_COMPILER_GLOBAL_ACCENT_COLOR_NAME = AccentColor;
				CODE_SIGN_STYLE = Automatic;
				DEVELOPMENT_TEAM = 5EEQXBZ866;
				INFOPLIST_FILE = ToDoMVVM/Info.plist;
				IPHONEOS_DEPLOYMENT_TARGET = 14.0;
				LD_RUNPATH_SEARCH_PATHS = (
					"$(inherited)",
					"@executable_path/Frameworks",
				);
				PRODUCT_BUNDLE_IDENTIFIER = com.mayu.ue.ToDoMVVM;
				PRODUCT_NAME = "$(TARGET_NAME)";
				SWIFT_VERSION = 5.0;
				TARGETED_DEVICE_FAMILY = "1,2";
			};
			name = Debug;
		};
		EA9EC7A0257C8D1B00009CE0 /* Release */ = {
			isa = XCBuildConfiguration;
			buildSettings = {
				ASSETCATALOG_COMPILER_APPICON_NAME = AppIcon;
				ASSETCATALOG_COMPILER_GLOBAL_ACCENT_COLOR_NAME = AccentColor;
				CODE_SIGN_STYLE = Automatic;
				DEVELOPMENT_TEAM = 5EEQXBZ866;
				INFOPLIST_FILE = ToDoMVVM/Info.plist;
				IPHONEOS_DEPLOYMENT_TARGET = 14.0;
				LD_RUNPATH_SEARCH_PATHS = (
					"$(inherited)",
					"@executable_path/Frameworks",
				);
				PRODUCT_BUNDLE_IDENTIFIER = com.mayu.ue.ToDoMVVM;
				PRODUCT_NAME = "$(TARGET_NAME)";
				SWIFT_VERSION = 5.0;
				TARGETED_DEVICE_FAMILY = "1,2";
			};
			name = Release;
		};
/* End XCBuildConfiguration section */

/* Begin XCConfigurationList section */
		EA9EC785257C8D1A00009CE0 /* Build configuration list for PBXProject "ToDoMVVM" */ = {
			isa = XCConfigurationList;
			buildConfigurations = (
				EA9EC79C257C8D1B00009CE0 /* Debug */,
				EA9EC79D257C8D1B00009CE0 /* Release */,
			);
			defaultConfigurationIsVisible = 0;
			defaultConfigurationName = Release;
		};
		EA9EC79E257C8D1B00009CE0 /* Build configuration list for PBXNativeTarget "ToDoMVVM" */ = {
			isa = XCConfigurationList;
			buildConfigurations = (
				EA9EC79F257C8D1B00009CE0 /* Debug */,
				EA9EC7A0257C8D1B00009CE0 /* Release */,
			);
			defaultConfigurationIsVisible = 0;
			defaultConfigurationName = Release;
		};
/* End XCConfigurationList section */
	};
	rootObject = EA9EC782257C8D1A00009CE0 /* Project object */;
}
