// !$*UTF8*$!
{
	archiveVersion = 1;
	classes = {
	};
	objectVersion = 51;
	objects = {

/* Begin PBXBuildFile section */
		EA248D2A25A078AB00B5AF98 /* UserService.swift in Sources */ = {isa = PBXBuildFile; fileRef = EA248D2925A078AB00B5AF98 /* UserService.swift */; };
		EA248D2D25A078DE00B5AF98 /* Contants.swift in Sources */ = {isa = PBXBuildFile; fileRef = EA248D2C25A078DE00B5AF98 /* Contants.swift */; };
		EA248D3025A07EBB00B5AF98 /* User.swift in Sources */ = {isa = PBXBuildFile; fileRef = EA248D2F25A07EBB00B5AF98 /* User.swift */; };
		EA3D34A5259071F000BD3BA8 /* ImageUploader.swift in Sources */ = {isa = PBXBuildFile; fileRef = EA3D34A4259071F000BD3BA8 /* ImageUploader.swift */; };
		EA3D34A92590720C00BD3BA8 /* AuthService.swift in Sources */ = {isa = PBXBuildFile; fileRef = EA3D34A82590720C00BD3BA8 /* AuthService.swift */; };
		EA3D350D2593530900BD3BA8 /* ProfileCell.swift in Sources */ = {isa = PBXBuildFile; fileRef = EA3D350C2593530900BD3BA8 /* ProfileCell.swift */; };
		EA3D35112593531600BD3BA8 /* ProfileHeader.swift in Sources */ = {isa = PBXBuildFile; fileRef = EA3D35102593531600BD3BA8 /* ProfileHeader.swift */; };
		EACB34302585EACA0030FB3E /* AppDelegate.swift in Sources */ = {isa = PBXBuildFile; fileRef = EACB342F2585EACA0030FB3E /* AppDelegate.swift */; };
		EACB34322585EACA0030FB3E /* SceneDelegate.swift in Sources */ = {isa = PBXBuildFile; fileRef = EACB34312585EACA0030FB3E /* SceneDelegate.swift */; };
		EACB34342585EACA0030FB3E /* ViewController.swift in Sources */ = {isa = PBXBuildFile; fileRef = EACB34332585EACA0030FB3E /* ViewController.swift */; };
		EACB34372585EACA0030FB3E /* Main.storyboard in Resources */ = {isa = PBXBuildFile; fileRef = EACB34352585EACA0030FB3E /* Main.storyboard */; };
		EACB34392585EACB0030FB3E /* Assets.xcassets in Resources */ = {isa = PBXBuildFile; fileRef = EACB34382585EACB0030FB3E /* Assets.xcassets */; };
		EACB343C2585EACB0030FB3E /* LaunchScreen.storyboard in Resources */ = {isa = PBXBuildFile; fileRef = EACB343A2585EACB0030FB3E /* LaunchScreen.storyboard */; };
		EACB344B2585EB2E0030FB3E /* MainTabController.swift in Sources */ = {isa = PBXBuildFile; fileRef = EACB344A2585EB2E0030FB3E /* MainTabController.swift */; };
		EACB344F25861F110030FB3E /* FeedController.swift in Sources */ = {isa = PBXBuildFile; fileRef = EACB344E25861F110030FB3E /* FeedController.swift */; };
		EACB345225861F1F0030FB3E /* SearchController.swift in Sources */ = {isa = PBXBuildFile; fileRef = EACB345125861F1F0030FB3E /* SearchController.swift */; };
		EACB345525861F310030FB3E /* ImageSelectorController.swift in Sources */ = {isa = PBXBuildFile; fileRef = EACB345425861F310030FB3E /* ImageSelectorController.swift */; };
		EACB345825861F3F0030FB3E /* NotificationController.swift in Sources */ = {isa = PBXBuildFile; fileRef = EACB345725861F3F0030FB3E /* NotificationController.swift */; };
		EACB345C25861F550030FB3E /* ProfileController.swift in Sources */ = {isa = PBXBuildFile; fileRef = EACB345B25861F550030FB3E /* ProfileController.swift */; };
		EACB345F2587849A0030FB3E /* FeedCell.swift in Sources */ = {isa = PBXBuildFile; fileRef = EACB345E2587849A0030FB3E /* FeedCell.swift */; };
		EACB34652587867E0030FB3E /* Extensions.swift in Sources */ = {isa = PBXBuildFile; fileRef = EACB34642587867E0030FB3E /* Extensions.swift */; };
		EACB346A258EB1600030FB3E /* LoginControlller.swift in Sources */ = {isa = PBXBuildFile; fileRef = EACB3469258EB1600030FB3E /* LoginControlller.swift */; };
		EACB346E258EB1770030FB3E /* RegistrationController.swift in Sources */ = {isa = PBXBuildFile; fileRef = EACB346D258EB1770030FB3E /* RegistrationController.swift */; };
		EACB3471258ED2730030FB3E /* CustomeTextField.swift in Sources */ = {isa = PBXBuildFile; fileRef = EACB3470258ED2730030FB3E /* CustomeTextField.swift */; };
		EACB3474258EE5290030FB3E /* AuthenticationButton.swift in Sources */ = {isa = PBXBuildFile; fileRef = EACB3473258EE5290030FB3E /* AuthenticationButton.swift */; };
		EACB3477258EEAB60030FB3E /* AuthenticationViewModel.swift in Sources */ = {isa = PBXBuildFile; fileRef = EACB3476258EEAB60030FB3E /* AuthenticationViewModel.swift */; };
		EACB347B259050370030FB3E /* GoogleService-Info.plist in Resources */ = {isa = PBXBuildFile; fileRef = EACB347A259050370030FB3E /* GoogleService-Info.plist */; };
		ED5DFAC9F4C136836FA0E5AD /* Pods_InstagramMVVM2.framework in Frameworks */ = {isa = PBXBuildFile; fileRef = BAB9CE8D9636DC71007B3050 /* Pods_InstagramMVVM2.framework */; };
/* End PBXBuildFile section */

/* Begin PBXFileReference section */
		74C6DB71F9B8F29D63C55B76 /* Pods-InstagramMVVM2.release.xcconfig */ = {isa = PBXFileReference; includeInIndex = 1; lastKnownFileType = text.xcconfig; name = "Pods-InstagramMVVM2.release.xcconfig"; path = "Target Support Files/Pods-InstagramMVVM2/Pods-InstagramMVVM2.release.xcconfig"; sourceTree = "<group>"; };
		A4574EE4F0E697BEE84C6816 /* Pods-InstagramMVVM2.debug.xcconfig */ = {isa = PBXFileReference; includeInIndex = 1; lastKnownFileType = text.xcconfig; name = "Pods-InstagramMVVM2.debug.xcconfig"; path = "Target Support Files/Pods-InstagramMVVM2/Pods-InstagramMVVM2.debug.xcconfig"; sourceTree = "<group>"; };
		BAB9CE8D9636DC71007B3050 /* Pods_InstagramMVVM2.framework */ = {isa = PBXFileReference; explicitFileType = wrapper.framework; includeInIndex = 0; path = Pods_InstagramMVVM2.framework; sourceTree = BUILT_PRODUCTS_DIR; };
		EA248D2925A078AB00B5AF98 /* UserService.swift */ = {isa = PBXFileReference; lastKnownFileType = sourcecode.swift; path = UserService.swift; sourceTree = "<group>"; };
		EA248D2C25A078DE00B5AF98 /* Contants.swift */ = {isa = PBXFileReference; lastKnownFileType = sourcecode.swift; path = Contants.swift; sourceTree = "<group>"; };
		EA248D2F25A07EBB00B5AF98 /* User.swift */ = {isa = PBXFileReference; lastKnownFileType = sourcecode.swift; path = User.swift; sourceTree = "<group>"; };
		EA3D34A4259071F000BD3BA8 /* ImageUploader.swift */ = {isa = PBXFileReference; lastKnownFileType = sourcecode.swift; path = ImageUploader.swift; sourceTree = "<group>"; };
		EA3D34A82590720C00BD3BA8 /* AuthService.swift */ = {isa = PBXFileReference; lastKnownFileType = sourcecode.swift; path = AuthService.swift; sourceTree = "<group>"; };
		EA3D350C2593530900BD3BA8 /* ProfileCell.swift */ = {isa = PBXFileReference; lastKnownFileType = sourcecode.swift; path = ProfileCell.swift; sourceTree = "<group>"; };
		EA3D35102593531600BD3BA8 /* ProfileHeader.swift */ = {isa = PBXFileReference; lastKnownFileType = sourcecode.swift; path = ProfileHeader.swift; sourceTree = "<group>"; };
		EACB342C2585EACA0030FB3E /* InstagramMVVM2.app */ = {isa = PBXFileReference; explicitFileType = wrapper.application; includeInIndex = 0; path = InstagramMVVM2.app; sourceTree = BUILT_PRODUCTS_DIR; };
		EACB342F2585EACA0030FB3E /* AppDelegate.swift */ = {isa = PBXFileReference; lastKnownFileType = sourcecode.swift; path = AppDelegate.swift; sourceTree = "<group>"; };
		EACB34312585EACA0030FB3E /* SceneDelegate.swift */ = {isa = PBXFileReference; lastKnownFileType = sourcecode.swift; path = SceneDelegate.swift; sourceTree = "<group>"; };
		EACB34332585EACA0030FB3E /* ViewController.swift */ = {isa = PBXFileReference; lastKnownFileType = sourcecode.swift; path = ViewController.swift; sourceTree = "<group>"; };
		EACB34362585EACA0030FB3E /* Base */ = {isa = PBXFileReference; lastKnownFileType = file.storyboard; name = Base; path = Base.lproj/Main.storyboard; sourceTree = "<group>"; };
		EACB34382585EACB0030FB3E /* Assets.xcassets */ = {isa = PBXFileReference; lastKnownFileType = folder.assetcatalog; path = Assets.xcassets; sourceTree = "<group>"; };
		EACB343B2585EACB0030FB3E /* Base */ = {isa = PBXFileReference; lastKnownFileType = file.storyboard; name = Base; path = Base.lproj/LaunchScreen.storyboard; sourceTree = "<group>"; };
		EACB343D2585EACB0030FB3E /* Info.plist */ = {isa = PBXFileReference; lastKnownFileType = text.plist.xml; path = Info.plist; sourceTree = "<group>"; };
		EACB344A2585EB2E0030FB3E /* MainTabController.swift */ = {isa = PBXFileReference; lastKnownFileType = sourcecode.swift; path = MainTabController.swift; sourceTree = "<group>"; };
		EACB344E25861F110030FB3E /* FeedController.swift */ = {isa = PBXFileReference; lastKnownFileType = sourcecode.swift; path = FeedController.swift; sourceTree = "<group>"; };
		EACB345125861F1F0030FB3E /* SearchController.swift */ = {isa = PBXFileReference; lastKnownFileType = sourcecode.swift; path = SearchController.swift; sourceTree = "<group>"; };
		EACB345425861F310030FB3E /* ImageSelectorController.swift */ = {isa = PBXFileReference; lastKnownFileType = sourcecode.swift; path = ImageSelectorController.swift; sourceTree = "<group>"; };
		EACB345725861F3F0030FB3E /* NotificationController.swift */ = {isa = PBXFileReference; lastKnownFileType = sourcecode.swift; path = NotificationController.swift; sourceTree = "<group>"; };
		EACB345B25861F550030FB3E /* ProfileController.swift */ = {isa = PBXFileReference; lastKnownFileType = sourcecode.swift; path = ProfileController.swift; sourceTree = "<group>"; };
		EACB345E2587849A0030FB3E /* FeedCell.swift */ = {isa = PBXFileReference; lastKnownFileType = sourcecode.swift; path = FeedCell.swift; sourceTree = "<group>"; };
		EACB34642587867E0030FB3E /* Extensions.swift */ = {isa = PBXFileReference; fileEncoding = 4; lastKnownFileType = sourcecode.swift; name = Extensions.swift; path = ../../../../../../../Downloads/Extensions.swift; sourceTree = "<group>"; };
		EACB3469258EB1600030FB3E /* LoginControlller.swift */ = {isa = PBXFileReference; lastKnownFileType = sourcecode.swift; path = LoginControlller.swift; sourceTree = "<group>"; };
		EACB346D258EB1770030FB3E /* RegistrationController.swift */ = {isa = PBXFileReference; lastKnownFileType = sourcecode.swift; path = RegistrationController.swift; sourceTree = "<group>"; };
		EACB3470258ED2730030FB3E /* CustomeTextField.swift */ = {isa = PBXFileReference; lastKnownFileType = sourcecode.swift; path = CustomeTextField.swift; sourceTree = "<group>"; };
		EACB3473258EE5290030FB3E /* AuthenticationButton.swift */ = {isa = PBXFileReference; lastKnownFileType = sourcecode.swift; path = AuthenticationButton.swift; sourceTree = "<group>"; };
		EACB3476258EEAB60030FB3E /* AuthenticationViewModel.swift */ = {isa = PBXFileReference; lastKnownFileType = sourcecode.swift; path = AuthenticationViewModel.swift; sourceTree = "<group>"; };
		EACB347A259050370030FB3E /* GoogleService-Info.plist */ = {isa = PBXFileReference; fileEncoding = 4; lastKnownFileType = text.plist.xml; path = "GoogleService-Info.plist"; sourceTree = "<group>"; };
/* End PBXFileReference section */

/* Begin PBXFrameworksBuildPhase section */
		EACB34292585EACA0030FB3E /* Frameworks */ = {
			isa = PBXFrameworksBuildPhase;
			buildActionMask = 2147483647;
			files = (
				ED5DFAC9F4C136836FA0E5AD /* Pods_InstagramMVVM2.framework in Frameworks */,
			);
			runOnlyForDeploymentPostprocessing = 0;
		};
/* End PBXFrameworksBuildPhase section */

/* Begin PBXGroup section */
		EA3D350B259352EF00BD3BA8 /* Profile */ = {
			isa = PBXGroup;
			children = (
				EA3D350C2593530900BD3BA8 /* ProfileCell.swift */,
				EA3D35102593531600BD3BA8 /* ProfileHeader.swift */,
			);
			path = Profile;
			sourceTree = "<group>";
		};
		EACB34232585EACA0030FB3E = {
			isa = PBXGroup;
			children = (
				EACB342E2585EACA0030FB3E /* InstagramMVVM2 */,
				EACB342D2585EACA0030FB3E /* Products */,
				F9D212A82DD18F05E6F4668B /* Pods */,
				EDC1C9A02D46EF382757F5D5 /* Frameworks */,
			);
			sourceTree = "<group>";
		};
		EACB342D2585EACA0030FB3E /* Products */ = {
			isa = PBXGroup;
			children = (
				EACB342C2585EACA0030FB3E /* InstagramMVVM2.app */,
			);
			name = Products;
			sourceTree = "<group>";
		};
		EACB342E2585EACA0030FB3E /* InstagramMVVM2 */ = {
			isa = PBXGroup;
			children = (
				EACB34492585EB0C0030FB3E /* Utils */,
				EACB34482585EB010030FB3E /* API */,
				EACB34472585EAF00030FB3E /* Controller */,
				EACB34462585EAE70030FB3E /* View */,
				EACB34452585EADF0030FB3E /* ViewModel */,
				EACB34442585EADA0030FB3E /* Model */,
				EACB342F2585EACA0030FB3E /* AppDelegate.swift */,
				EACB34312585EACA0030FB3E /* SceneDelegate.swift */,
				EACB34332585EACA0030FB3E /* ViewController.swift */,
				EACB34352585EACA0030FB3E /* Main.storyboard */,
				EACB34382585EACB0030FB3E /* Assets.xcassets */,
				EACB343A2585EACB0030FB3E /* LaunchScreen.storyboard */,
				EACB343D2585EACB0030FB3E /* Info.plist */,
				EACB347A259050370030FB3E /* GoogleService-Info.plist */,
			);
			path = InstagramMVVM2;
			sourceTree = "<group>";
		};
		EACB34442585EADA0030FB3E /* Model */ = {
			isa = PBXGroup;
			children = (
				EA248D2F25A07EBB00B5AF98 /* User.swift */,
			);
			path = Model;
			sourceTree = "<group>";
		};
		EACB34452585EADF0030FB3E /* ViewModel */ = {
			isa = PBXGroup;
			children = (
				EACB3476258EEAB60030FB3E /* AuthenticationViewModel.swift */,
			);
			path = ViewModel;
			sourceTree = "<group>";
		};
		EACB34462585EAE70030FB3E /* View */ = {
			isa = PBXGroup;
			children = (
				EA3D350B259352EF00BD3BA8 /* Profile */,
				EACB345E2587849A0030FB3E /* FeedCell.swift */,
				EACB3470258ED2730030FB3E /* CustomeTextField.swift */,
				EACB3473258EE5290030FB3E /* AuthenticationButton.swift */,
			);
			path = View;
			sourceTree = "<group>";
		};
		EACB34472585EAF00030FB3E /* Controller */ = {
			isa = PBXGroup;
			children = (
				EACB3468258EB13F0030FB3E /* Authentication */,
				EACB344A2585EB2E0030FB3E /* MainTabController.swift */,
				EACB344E25861F110030FB3E /* FeedController.swift */,
				EACB345125861F1F0030FB3E /* SearchController.swift */,
				EACB345425861F310030FB3E /* ImageSelectorController.swift */,
				EACB345B25861F550030FB3E /* ProfileController.swift */,
				EACB345725861F3F0030FB3E /* NotificationController.swift */,
			);
			path = Controller;
			sourceTree = "<group>";
		};
		EACB34482585EB010030FB3E /* API */ = {
			isa = PBXGroup;
			children = (
				EA3D34A4259071F000BD3BA8 /* ImageUploader.swift */,
				EA3D34A82590720C00BD3BA8 /* AuthService.swift */,
				EA248D2925A078AB00B5AF98 /* UserService.swift */,
			);
			path = API;
			sourceTree = "<group>";
		};
		EACB34492585EB0C0030FB3E /* Utils */ = {
			isa = PBXGroup;
			children = (
				EACB34642587867E0030FB3E /* Extensions.swift */,
				EA248D2C25A078DE00B5AF98 /* Contants.swift */,
			);
			path = Utils;
			sourceTree = "<group>";
		};
		EACB3468258EB13F0030FB3E /* Authentication */ = {
			isa = PBXGroup;
			children = (
				EACB3469258EB1600030FB3E /* LoginControlller.swift */,
				EACB346D258EB1770030FB3E /* RegistrationController.swift */,
			);
			path = Authentication;
			sourceTree = "<group>";
		};
		EDC1C9A02D46EF382757F5D5 /* Frameworks */ = {
			isa = PBXGroup;
			children = (
				BAB9CE8D9636DC71007B3050 /* Pods_InstagramMVVM2.framework */,
			);
			name = Frameworks;
			sourceTree = "<group>";
		};
		F9D212A82DD18F05E6F4668B /* Pods */ = {
			isa = PBXGroup;
			children = (
				A4574EE4F0E697BEE84C6816 /* Pods-InstagramMVVM2.debug.xcconfig */,
				74C6DB71F9B8F29D63C55B76 /* Pods-InstagramMVVM2.release.xcconfig */,
			);
			path = Pods;
			sourceTree = "<group>";
		};
/* End PBXGroup section */

/* Begin PBXNativeTarget section */
		EACB342B2585EACA0030FB3E /* InstagramMVVM2 */ = {
			isa = PBXNativeTarget;
			buildConfigurationList = EACB34402585EACB0030FB3E /* Build configuration list for PBXNativeTarget "InstagramMVVM2" */;
			buildPhases = (
				31520507F54A6CCFB1830612 /* [CP] Check Pods Manifest.lock */,
				EACB34282585EACA0030FB3E /* Sources */,
				EACB34292585EACA0030FB3E /* Frameworks */,
				EACB342A2585EACA0030FB3E /* Resources */,
				AD0680C74441B15F16743E2B /* [CP] Embed Pods Frameworks */,
			);
			buildRules = (
			);
			dependencies = (
			);
			name = InstagramMVVM2;
			productName = InstagramMVVM2;
			productReference = EACB342C2585EACA0030FB3E /* InstagramMVVM2.app */;
			productType = "com.apple.product-type.application";
		};
/* End PBXNativeTarget section */

/* Begin PBXProject section */
		EACB34242585EACA0030FB3E /* Project object */ = {
			isa = PBXProject;
			attributes = {
				LastSwiftUpdateCheck = 1210;
				LastUpgradeCheck = 1210;
				TargetAttributes = {
					EACB342B2585EACA0030FB3E = {
						CreatedOnToolsVersion = 12.1;
					};
				};
			};
			buildConfigurationList = EACB34272585EACA0030FB3E /* Build configuration list for PBXProject "InstagramMVVM2" */;
			compatibilityVersion = "Xcode 9.3";
			developmentRegion = en;
			hasScannedForEncodings = 0;
			knownRegions = (
				en,
				Base,
			);
			mainGroup = EACB34232585EACA0030FB3E;
			productRefGroup = EACB342D2585EACA0030FB3E /* Products */;
			projectDirPath = "";
			projectRoot = "";
			targets = (
				EACB342B2585EACA0030FB3E /* InstagramMVVM2 */,
			);
		};
/* End PBXProject section */

/* Begin PBXResourcesBuildPhase section */
		EACB342A2585EACA0030FB3E /* Resources */ = {
			isa = PBXResourcesBuildPhase;
			buildActionMask = 2147483647;
			files = (
				EACB343C2585EACB0030FB3E /* LaunchScreen.storyboard in Resources */,
				EACB347B259050370030FB3E /* GoogleService-Info.plist in Resources */,
				EACB34392585EACB0030FB3E /* Assets.xcassets in Resources */,
				EACB34372585EACA0030FB3E /* Main.storyboard in Resources */,
			);
			runOnlyForDeploymentPostprocessing = 0;
		};
/* End PBXResourcesBuildPhase section */

/* Begin PBXShellScriptBuildPhase section */
		31520507F54A6CCFB1830612 /* [CP] Check Pods Manifest.lock */ = {
			isa = PBXShellScriptBuildPhase;
			buildActionMask = 2147483647;
			files = (
			);
			inputFileListPaths = (
			);
			inputPaths = (
				"${PODS_PODFILE_DIR_PATH}/Podfile.lock",
				"${PODS_ROOT}/Manifest.lock",
			);
			name = "[CP] Check Pods Manifest.lock";
			outputFileListPaths = (
			);
			outputPaths = (
				"$(DERIVED_FILE_DIR)/Pods-InstagramMVVM2-checkManifestLockResult.txt",
			);
			runOnlyForDeploymentPostprocessing = 0;
			shellPath = /bin/sh;
			shellScript = "diff \"${PODS_PODFILE_DIR_PATH}/Podfile.lock\" \"${PODS_ROOT}/Manifest.lock\" > /dev/null\nif [ $? != 0 ] ; then\n    # print error to STDERR\n    echo \"error: The sandbox is not in sync with the Podfile.lock. Run 'pod install' or update your CocoaPods installation.\" >&2\n    exit 1\nfi\n# This output is used by Xcode 'outputs' to avoid re-running this script phase.\necho \"SUCCESS\" > \"${SCRIPT_OUTPUT_FILE_0}\"\n";
			showEnvVarsInLog = 0;
		};
		AD0680C74441B15F16743E2B /* [CP] Embed Pods Frameworks */ = {
			isa = PBXShellScriptBuildPhase;
			buildActionMask = 2147483647;
			files = (
			);
			inputFileListPaths = (
				"${PODS_ROOT}/Target Support Files/Pods-InstagramMVVM2/Pods-InstagramMVVM2-frameworks-${CONFIGURATION}-input-files.xcfilelist",
			);
			name = "[CP] Embed Pods Frameworks";
			outputFileListPaths = (
				"${PODS_ROOT}/Target Support Files/Pods-InstagramMVVM2/Pods-InstagramMVVM2-frameworks-${CONFIGURATION}-output-files.xcfilelist",
			);
			runOnlyForDeploymentPostprocessing = 0;
			shellPath = /bin/sh;
			shellScript = "\"${PODS_ROOT}/Target Support Files/Pods-InstagramMVVM2/Pods-InstagramMVVM2-frameworks.sh\"\n";
			showEnvVarsInLog = 0;
		};
/* End PBXShellScriptBuildPhase section */

/* Begin PBXSourcesBuildPhase section */
		EACB34282585EACA0030FB3E /* Sources */ = {
			isa = PBXSourcesBuildPhase;
			buildActionMask = 2147483647;
			files = (
				EACB34342585EACA0030FB3E /* ViewController.swift in Sources */,
				EACB345F2587849A0030FB3E /* FeedCell.swift in Sources */,
				EA3D34A5259071F000BD3BA8 /* ImageUploader.swift in Sources */,
				EA3D34A92590720C00BD3BA8 /* AuthService.swift in Sources */,
				EACB3474258EE5290030FB3E /* AuthenticationButton.swift in Sources */,
				EACB346A258EB1600030FB3E /* LoginControlller.swift in Sources */,
				EACB3477258EEAB60030FB3E /* AuthenticationViewModel.swift in Sources */,
				EACB345225861F1F0030FB3E /* SearchController.swift in Sources */,
				EA3D35112593531600BD3BA8 /* ProfileHeader.swift in Sources */,
				EA248D2D25A078DE00B5AF98 /* Contants.swift in Sources */,
				EACB3471258ED2730030FB3E /* CustomeTextField.swift in Sources */,
				EACB345825861F3F0030FB3E /* NotificationController.swift in Sources */,
				EACB34302585EACA0030FB3E /* AppDelegate.swift in Sources */,
				EACB344F25861F110030FB3E /* FeedController.swift in Sources */,
				EACB345C25861F550030FB3E /* ProfileController.swift in Sources */,
				EA248D2A25A078AB00B5AF98 /* UserService.swift in Sources */,
				EACB34652587867E0030FB3E /* Extensions.swift in Sources */,
				EACB345525861F310030FB3E /* ImageSelectorController.swift in Sources */,
				EA3D350D2593530900BD3BA8 /* ProfileCell.swift in Sources */,
				EACB344B2585EB2E0030FB3E /* MainTabController.swift in Sources */,
				EACB34322585EACA0030FB3E /* SceneDelegate.swift in Sources */,
				EACB346E258EB1770030FB3E /* RegistrationController.swift in Sources */,
				EA248D3025A07EBB00B5AF98 /* User.swift in Sources */,
			);
			runOnlyForDeploymentPostprocessing = 0;
		};
/* End PBXSourcesBuildPhase section */

/* Begin PBXVariantGroup section */
		EACB34352585EACA0030FB3E /* Main.storyboard */ = {
			isa = PBXVariantGroup;
			children = (
				EACB34362585EACA0030FB3E /* Base */,
			);
			name = Main.storyboard;
			sourceTree = "<group>";
		};
		EACB343A2585EACB0030FB3E /* LaunchScreen.storyboard */ = {
			isa = PBXVariantGroup;
			children = (
				EACB343B2585EACB0030FB3E /* Base */,
			);
			name = LaunchScreen.storyboard;
			sourceTree = "<group>";
		};
/* End PBXVariantGroup section */

/* Begin XCBuildConfiguration section */
		EACB343E2585EACB0030FB3E /* Debug */ = {
			isa = XCBuildConfiguration;
			buildSettings = {
				ALWAYS_SEARCH_USER_PATHS = NO;
				CLANG_ANALYZER_NONNULL = YES;
				CLANG_ANALYZER_NUMBER_OBJECT_CONVERSION = YES_AGGRESSIVE;
				CLANG_CXX_LANGUAGE_STANDARD = "gnu++14";
				CLANG_CXX_LIBRARY = "libc++";
				CLANG_ENABLE_MODULES = YES;
				CLANG_ENABLE_OBJC_ARC = YES;
				CLANG_ENABLE_OBJC_WEAK = YES;
				CLANG_WARN_BLOCK_CAPTURE_AUTORELEASING = YES;
				CLANG_WARN_BOOL_CONVERSION = YES;
				CLANG_WARN_COMMA = YES;
				CLANG_WARN_CONSTANT_CONVERSION = YES;
				CLANG_WARN_DEPRECATED_OBJC_IMPLEMENTATIONS = YES;
				CLANG_WARN_DIRECT_OBJC_ISA_USAGE = YES_ERROR;
				CLANG_WARN_DOCUMENTATION_COMMENTS = YES;
				CLANG_WARN_EMPTY_BODY = YES;
				CLANG_WARN_ENUM_CONVERSION = YES;
				CLANG_WARN_INFINITE_RECURSION = YES;
				CLANG_WARN_INT_CONVERSION = YES;
				CLANG_WARN_NON_LITERAL_NULL_CONVERSION = YES;
				CLANG_WARN_OBJC_IMPLICIT_RETAIN_SELF = YES;
				CLANG_WARN_OBJC_LITERAL_CONVERSION = YES;
				CLANG_WARN_OBJC_ROOT_CLASS = YES_ERROR;
				CLANG_WARN_QUOTED_INCLUDE_IN_FRAMEWORK_HEADER = YES;
				CLANG_WARN_RANGE_LOOP_ANALYSIS = YES;
				CLANG_WARN_STRICT_PROTOTYPES = YES;
				CLANG_WARN_SUSPICIOUS_MOVE = YES;
				CLANG_WARN_UNGUARDED_AVAILABILITY = YES_AGGRESSIVE;
				CLANG_WARN_UNREACHABLE_CODE = YES;
				CLANG_WARN__DUPLICATE_METHOD_MATCH = YES;
				COPY_PHASE_STRIP = NO;
				DEBUG_INFORMATION_FORMAT = dwarf;
				ENABLE_STRICT_OBJC_MSGSEND = YES;
				ENABLE_TESTABILITY = YES;
				GCC_C_LANGUAGE_STANDARD = gnu11;
				GCC_DYNAMIC_NO_PIC = NO;
				GCC_NO_COMMON_BLOCKS = YES;
				GCC_OPTIMIZATION_LEVEL = 0;
				GCC_PREPROCESSOR_DEFINITIONS = (
					"DEBUG=1",
					"$(inherited)",
				);
				GCC_WARN_64_TO_32_BIT_CONVERSION = YES;
				GCC_WARN_ABOUT_RETURN_TYPE = YES_ERROR;
				GCC_WARN_UNDECLARED_SELECTOR = YES;
				GCC_WARN_UNINITIALIZED_AUTOS = YES_AGGRESSIVE;
				GCC_WARN_UNUSED_FUNCTION = YES;
				GCC_WARN_UNUSED_VARIABLE = YES;
				IPHONEOS_DEPLOYMENT_TARGET = 14.1;
				MTL_ENABLE_DEBUG_INFO = INCLUDE_SOURCE;
				MTL_FAST_MATH = YES;
				ONLY_ACTIVE_ARCH = YES;
				SDKROOT = iphoneos;
				SWIFT_ACTIVE_COMPILATION_CONDITIONS = DEBUG;
				SWIFT_OPTIMIZATION_LEVEL = "-Onone";
			};
			name = Debug;
		};
		EACB343F2585EACB0030FB3E /* Release */ = {
			isa = XCBuildConfiguration;
			buildSettings = {
				ALWAYS_SEARCH_USER_PATHS = NO;
				CLANG_ANALYZER_NONNULL = YES;
				CLANG_ANALYZER_NUMBER_OBJECT_CONVERSION = YES_AGGRESSIVE;
				CLANG_CXX_LANGUAGE_STANDARD = "gnu++14";
				CLANG_CXX_LIBRARY = "libc++";
				CLANG_ENABLE_MODULES = YES;
				CLANG_ENABLE_OBJC_ARC = YES;
				CLANG_ENABLE_OBJC_WEAK = YES;
				CLANG_WARN_BLOCK_CAPTURE_AUTORELEASING = YES;
				CLANG_WARN_BOOL_CONVERSION = YES;
				CLANG_WARN_COMMA = YES;
				CLANG_WARN_CONSTANT_CONVERSION = YES;
				CLANG_WARN_DEPRECATED_OBJC_IMPLEMENTATIONS = YES;
				CLANG_WARN_DIRECT_OBJC_ISA_USAGE = YES_ERROR;
				CLANG_WARN_DOCUMENTATION_COMMENTS = YES;
				CLANG_WARN_EMPTY_BODY = YES;
				CLANG_WARN_ENUM_CONVERSION = YES;
				CLANG_WARN_INFINITE_RECURSION = YES;
				CLANG_WARN_INT_CONVERSION = YES;
				CLANG_WARN_NON_LITERAL_NULL_CONVERSION = YES;
				CLANG_WARN_OBJC_IMPLICIT_RETAIN_SELF = YES;
				CLANG_WARN_OBJC_LITERAL_CONVERSION = YES;
				CLANG_WARN_OBJC_ROOT_CLASS = YES_ERROR;
				CLANG_WARN_QUOTED_INCLUDE_IN_FRAMEWORK_HEADER = YES;
				CLANG_WARN_RANGE_LOOP_ANALYSIS = YES;
				CLANG_WARN_STRICT_PROTOTYPES = YES;
				CLANG_WARN_SUSPICIOUS_MOVE = YES;
				CLANG_WARN_UNGUARDED_AVAILABILITY = YES_AGGRESSIVE;
				CLANG_WARN_UNREACHABLE_CODE = YES;
				CLANG_WARN__DUPLICATE_METHOD_MATCH = YES;
				COPY_PHASE_STRIP = NO;
				DEBUG_INFORMATION_FORMAT = "dwarf-with-dsym";
				ENABLE_NS_ASSERTIONS = NO;
				ENABLE_STRICT_OBJC_MSGSEND = YES;
				GCC_C_LANGUAGE_STANDARD = gnu11;
				GCC_NO_COMMON_BLOCKS = YES;
				GCC_WARN_64_TO_32_BIT_CONVERSION = YES;
				GCC_WARN_ABOUT_RETURN_TYPE = YES_ERROR;
				GCC_WARN_UNDECLARED_SELECTOR = YES;
				GCC_WARN_UNINITIALIZED_AUTOS = YES_AGGRESSIVE;
				GCC_WARN_UNUSED_FUNCTION = YES;
				GCC_WARN_UNUSED_VARIABLE = YES;
				IPHONEOS_DEPLOYMENT_TARGET = 14.1;
				MTL_ENABLE_DEBUG_INFO = NO;
				MTL_FAST_MATH = YES;
				SDKROOT = iphoneos;
				SWIFT_COMPILATION_MODE = wholemodule;
				SWIFT_OPTIMIZATION_LEVEL = "-O";
				VALIDATE_PRODUCT = YES;
			};
			name = Release;
		};
		EACB34412585EACB0030FB3E /* Debug */ = {
			isa = XCBuildConfiguration;
			baseConfigurationReference = A4574EE4F0E697BEE84C6816 /* Pods-InstagramMVVM2.debug.xcconfig */;
			buildSettings = {
				ASSETCATALOG_COMPILER_APPICON_NAME = AppIcon;
				ASSETCATALOG_COMPILER_GLOBAL_ACCENT_COLOR_NAME = AccentColor;
				CODE_SIGN_STYLE = Automatic;
				DEVELOPMENT_TEAM = 5EEQXBZ866;
				INFOPLIST_FILE = InstagramMVVM2/Info.plist;
				LD_RUNPATH_SEARCH_PATHS = (
					"$(inherited)",
					"@executable_path/Frameworks",
				);
				PRODUCT_BUNDLE_IDENTIFIER = com.mayu.ue.InstagramMVVM2;
				PRODUCT_NAME = "$(TARGET_NAME)";
				SWIFT_VERSION = 5.0;
				TARGETED_DEVICE_FAMILY = "1,2";
			};
			name = Debug;
		};
		EACB34422585EACB0030FB3E /* Release */ = {
			isa = XCBuildConfiguration;
			baseConfigurationReference = 74C6DB71F9B8F29D63C55B76 /* Pods-InstagramMVVM2.release.xcconfig */;
			buildSettings = {
				ASSETCATALOG_COMPILER_APPICON_NAME = AppIcon;
				ASSETCATALOG_COMPILER_GLOBAL_ACCENT_COLOR_NAME = AccentColor;
				CODE_SIGN_STYLE = Automatic;
				DEVELOPMENT_TEAM = 5EEQXBZ866;
				INFOPLIST_FILE = InstagramMVVM2/Info.plist;
				LD_RUNPATH_SEARCH_PATHS = (
					"$(inherited)",
					"@executable_path/Frameworks",
				);
				PRODUCT_BUNDLE_IDENTIFIER = com.mayu.ue.InstagramMVVM2;
				PRODUCT_NAME = "$(TARGET_NAME)";
				SWIFT_VERSION = 5.0;
				TARGETED_DEVICE_FAMILY = "1,2";
			};
			name = Release;
		};
/* End XCBuildConfiguration section */

/* Begin XCConfigurationList section */
		EACB34272585EACA0030FB3E /* Build configuration list for PBXProject "InstagramMVVM2" */ = {
			isa = XCConfigurationList;
			buildConfigurations = (
				EACB343E2585EACB0030FB3E /* Debug */,
				EACB343F2585EACB0030FB3E /* Release */,
			);
			defaultConfigurationIsVisible = 0;
			defaultConfigurationName = Release;
		};
		EACB34402585EACB0030FB3E /* Build configuration list for PBXNativeTarget "InstagramMVVM2" */ = {
			isa = XCConfigurationList;
			buildConfigurations = (
				EACB34412585EACB0030FB3E /* Debug */,
				EACB34422585EACB0030FB3E /* Release */,
			);
			defaultConfigurationIsVisible = 0;
			defaultConfigurationName = Release;
		};
/* End XCConfigurationList section */
	};
	rootObject = EACB34242585EACA0030FB3E /* Project object */;
}
