// !$*UTF8*$!
{
	archiveVersion = 1;
	classes = {
	};
	objectVersion = 50;
	objects = {

/* Begin PBXBuildFile section */
		EA9EC72E2579BF6500009CE0 /* AppDelegate.swift in Sources */ = {isa = PBXBuildFile; fileRef = EA9EC72D2579BF6500009CE0 /* AppDelegate.swift */; };
		EA9EC7302579BF6500009CE0 /* SceneDelegate.swift in Sources */ = {isa = PBXBuildFile; fileRef = EA9EC72F2579BF6500009CE0 /* SceneDelegate.swift */; };
		EA9EC7322579BF6500009CE0 /* ViewController.swift in Sources */ = {isa = PBXBuildFile; fileRef = EA9EC7312579BF6500009CE0 /* ViewController.swift */; };
		EA9EC7352579BF6500009CE0 /* Main.storyboard in Resources */ = {isa = PBXBuildFile; fileRef = EA9EC7332579BF6500009CE0 /* Main.storyboard */; };
		EA9EC7372579BF6500009CE0 /* Assets.xcassets in Resources */ = {isa = PBXBuildFile; fileRef = EA9EC7362579BF6500009CE0 /* Assets.xcassets */; };
		EA9EC73A2579BF6500009CE0 /* LaunchScreen.storyboard in Resources */ = {isa = PBXBuildFile; fileRef = EA9EC7382579BF6500009CE0 /* LaunchScreen.storyboard */; };
		EA9EC7432579BF8E00009CE0 /* TableViewCell.swift in Sources */ = {isa = PBXBuildFile; fileRef = EA9EC7422579BF8E00009CE0 /* TableViewCell.swift */; };
		EA9EC7462579BFA000009CE0 /* Model.swift in Sources */ = {isa = PBXBuildFile; fileRef = EA9EC7452579BFA000009CE0 /* Model.swift */; };
		EA9EC74A2579BFAB00009CE0 /* ViewModel.swift in Sources */ = {isa = PBXBuildFile; fileRef = EA9EC7492579BFAB00009CE0 /* ViewModel.swift */; };
		EA9EC74E257B386A00009CE0 /* TIpCalculator.storyboard in Resources */ = {isa = PBXBuildFile; fileRef = EA9EC74D257B386A00009CE0 /* TIpCalculator.storyboard */; };
/* End PBXBuildFile section */

/* Begin PBXFileReference section */
		EA9EC72A2579BF6500009CE0 /* MVVMSample2.app */ = {isa = PBXFileReference; explicitFileType = wrapper.application; includeInIndex = 0; path = MVVMSample2.app; sourceTree = BUILT_PRODUCTS_DIR; };
		EA9EC72D2579BF6500009CE0 /* AppDelegate.swift */ = {isa = PBXFileReference; lastKnownFileType = sourcecode.swift; path = AppDelegate.swift; sourceTree = "<group>"; };
		EA9EC72F2579BF6500009CE0 /* SceneDelegate.swift */ = {isa = PBXFileReference; lastKnownFileType = sourcecode.swift; path = SceneDelegate.swift; sourceTree = "<group>"; };
		EA9EC7312579BF6500009CE0 /* ViewController.swift */ = {isa = PBXFileReference; lastKnownFileType = sourcecode.swift; path = ViewController.swift; sourceTree = "<group>"; };
		EA9EC7342579BF6500009CE0 /* Base */ = {isa = PBXFileReference; lastKnownFileType = file.storyboard; name = Base; path = Base.lproj/Main.storyboard; sourceTree = "<group>"; };
		EA9EC7362579BF6500009CE0 /* Assets.xcassets */ = {isa = PBXFileReference; lastKnownFileType = folder.assetcatalog; path = Assets.xcassets; sourceTree = "<group>"; };
		EA9EC7392579BF6500009CE0 /* Base */ = {isa = PBXFileReference; lastKnownFileType = file.storyboard; name = Base; path = Base.lproj/LaunchScreen.storyboard; sourceTree = "<group>"; };
		EA9EC73B2579BF6500009CE0 /* Info.plist */ = {isa = PBXFileReference; lastKnownFileType = text.plist.xml; path = Info.plist; sourceTree = "<group>"; };
		EA9EC7422579BF8E00009CE0 /* TableViewCell.swift */ = {isa = PBXFileReference; lastKnownFileType = sourcecode.swift; path = TableViewCell.swift; sourceTree = "<group>"; };
		EA9EC7452579BFA000009CE0 /* Model.swift */ = {isa = PBXFileReference; lastKnownFileType = sourcecode.swift; path = Model.swift; sourceTree = "<group>"; };
		EA9EC7492579BFAB00009CE0 /* ViewModel.swift */ = {isa = PBXFileReference; lastKnownFileType = sourcecode.swift; path = ViewModel.swift; sourceTree = "<group>"; };
		EA9EC74D257B386A00009CE0 /* TIpCalculator.storyboard */ = {isa = PBXFileReference; lastKnownFileType = file.storyboard; path = TIpCalculator.storyboard; sourceTree = "<group>"; };
/* End PBXFileReference section */

/* Begin PBXFrameworksBuildPhase section */
		EA9EC7272579BF6500009CE0 /* Frameworks */ = {
			isa = PBXFrameworksBuildPhase;
			buildActionMask = 2147483647;
			files = (
			);
			runOnlyForDeploymentPostprocessing = 0;
		};
/* End PBXFrameworksBuildPhase section */

/* Begin PBXGroup section */
		EA9EC7212579BF6500009CE0 = {
			isa = PBXGroup;
			children = (
				EA9EC72C2579BF6500009CE0 /* MVVMSample2 */,
				EA9EC72B2579BF6500009CE0 /* Products */,
			);
			sourceTree = "<group>";
		};
		EA9EC72B2579BF6500009CE0 /* Products */ = {
			isa = PBXGroup;
			children = (
				EA9EC72A2579BF6500009CE0 /* MVVMSample2.app */,
			);
			name = Products;
			sourceTree = "<group>";
		};
		EA9EC72C2579BF6500009CE0 /* MVVMSample2 */ = {
			isa = PBXGroup;
			children = (
				EA9EC74C257B385100009CE0 /* TipCalculator */,
				EA9EC7422579BF8E00009CE0 /* TableViewCell.swift */,
				EA9EC72D2579BF6500009CE0 /* AppDelegate.swift */,
				EA9EC72F2579BF6500009CE0 /* SceneDelegate.swift */,
				EA9EC7312579BF6500009CE0 /* ViewController.swift */,
				EA9EC7332579BF6500009CE0 /* Main.storyboard */,
				EA9EC7362579BF6500009CE0 /* Assets.xcassets */,
				EA9EC7382579BF6500009CE0 /* LaunchScreen.storyboard */,
				EA9EC73B2579BF6500009CE0 /* Info.plist */,
				EA9EC7452579BFA000009CE0 /* Model.swift */,
				EA9EC7492579BFAB00009CE0 /* ViewModel.swift */,
			);
			path = MVVMSample2;
			sourceTree = "<group>";
		};
		EA9EC74C257B385100009CE0 /* TipCalculator */ = {
			isa = PBXGroup;
			children = (
				EA9EC74D257B386A00009CE0 /* TIpCalculator.storyboard */,
			);
			path = TipCalculator;
			sourceTree = "<group>";
		};
/* End PBXGroup section */

/* Begin PBXNativeTarget section */
		EA9EC7292579BF6500009CE0 /* MVVMSample2 */ = {
			isa = PBXNativeTarget;
			buildConfigurationList = EA9EC73E2579BF6500009CE0 /* Build configuration list for PBXNativeTarget "MVVMSample2" */;
			buildPhases = (
				EA9EC7262579BF6500009CE0 /* Sources */,
				EA9EC7272579BF6500009CE0 /* Frameworks */,
				EA9EC7282579BF6500009CE0 /* Resources */,
			);
			buildRules = (
			);
			dependencies = (
			);
			name = MVVMSample2;
			productName = MVVMSample2;
			productReference = EA9EC72A2579BF6500009CE0 /* MVVMSample2.app */;
			productType = "com.apple.product-type.application";
		};
/* End PBXNativeTarget section */

/* Begin PBXProject section */
		EA9EC7222579BF6500009CE0 /* Project object */ = {
			isa = PBXProject;
			attributes = {
				LastSwiftUpdateCheck = 1210;
				LastUpgradeCheck = 1210;
				TargetAttributes = {
					EA9EC7292579BF6500009CE0 = {
						CreatedOnToolsVersion = 12.1;
					};
				};
			};
			buildConfigurationList = EA9EC7252579BF6500009CE0 /* Build configuration list for PBXProject "MVVMSample2" */;
			compatibilityVersion = "Xcode 9.3";
			developmentRegion = en;
			hasScannedForEncodings = 0;
			knownRegions = (
				en,
				Base,
			);
			mainGroup = EA9EC7212579BF6500009CE0;
			productRefGroup = EA9EC72B2579BF6500009CE0 /* Products */;
			projectDirPath = "";
			projectRoot = "";
			targets = (
				EA9EC7292579BF6500009CE0 /* MVVMSample2 */,
			);
		};
/* End PBXProject section */

/* Begin PBXResourcesBuildPhase section */
		EA9EC7282579BF6500009CE0 /* Resources */ = {
			isa = PBXResourcesBuildPhase;
			buildActionMask = 2147483647;
			files = (
				EA9EC73A2579BF6500009CE0 /* LaunchScreen.storyboard in Resources */,
				EA9EC7372579BF6500009CE0 /* Assets.xcassets in Resources */,
				EA9EC74E257B386A00009CE0 /* TIpCalculator.storyboard in Resources */,
				EA9EC7352579BF6500009CE0 /* Main.storyboard in Resources */,
			);
			runOnlyForDeploymentPostprocessing = 0;
		};
/* End PBXResourcesBuildPhase section */

/* Begin PBXSourcesBuildPhase section */
		EA9EC7262579BF6500009CE0 /* Sources */ = {
			isa = PBXSourcesBuildPhase;
			buildActionMask = 2147483647;
			files = (
				EA9EC7462579BFA000009CE0 /* Model.swift in Sources */,
				EA9EC7322579BF6500009CE0 /* ViewController.swift in Sources */,
				EA9EC7432579BF8E00009CE0 /* TableViewCell.swift in Sources */,
				EA9EC72E2579BF6500009CE0 /* AppDelegate.swift in Sources */,
				EA9EC74A2579BFAB00009CE0 /* ViewModel.swift in Sources */,
				EA9EC7302579BF6500009CE0 /* SceneDelegate.swift in Sources */,
			);
			runOnlyForDeploymentPostprocessing = 0;
		};
/* End PBXSourcesBuildPhase section */

/* Begin PBXVariantGroup section */
		EA9EC7332579BF6500009CE0 /* Main.storyboard */ = {
			isa = PBXVariantGroup;
			children = (
				EA9EC7342579BF6500009CE0 /* Base */,
			);
			name = Main.storyboard;
			sourceTree = "<group>";
		};
		EA9EC7382579BF6500009CE0 /* LaunchScreen.storyboard */ = {
			isa = PBXVariantGroup;
			children = (
				EA9EC7392579BF6500009CE0 /* Base */,
			);
			name = LaunchScreen.storyboard;
			sourceTree = "<group>";
		};
/* End PBXVariantGroup section */

/* Begin XCBuildConfiguration section */
		EA9EC73C2579BF6500009CE0 /* Debug */ = {
			isa = XCBuildConfiguration;
			buildSettings = {
				ALWAYS_SEARCH_USER_PATHS = NO;
				CLANG_ANALYZER_NONNULL = YES;
				CLANG_ANALYZER_NUMBER_OBJECT_CONVERSION = YES_AGGRESSIVE;
				CLANG_CXX_LANGUAGE_STANDARD = "gnu++14";
				CLANG_CXX_LIBRARY = "libc++";
				CLANG_ENABLE_MODULES = YES;
				CLANG_ENABLE_OBJC_ARC = YES;
				CLANG_ENABLE_OBJC_WEAK = YES;
				CLANG_WARN_BLOCK_CAPTURE_AUTORELEASING = YES;
				CLANG_WARN_BOOL_CONVERSION = YES;
				CLANG_WARN_COMMA = YES;
				CLANG_WARN_CONSTANT_CONVERSION = YES;
				CLANG_WARN_DEPRECATED_OBJC_IMPLEMENTATIONS = YES;
				CLANG_WARN_DIRECT_OBJC_ISA_USAGE = YES_ERROR;
				CLANG_WARN_DOCUMENTATION_COMMENTS = YES;
				CLANG_WARN_EMPTY_BODY = YES;
				CLANG_WARN_ENUM_CONVERSION = YES;
				CLANG_WARN_INFINITE_RECURSION = YES;
				CLANG_WARN_INT_CONVERSION = YES;
				CLANG_WARN_NON_LITERAL_NULL_CONVERSION = YES;
				CLANG_WARN_OBJC_IMPLICIT_RETAIN_SELF = YES;
				CLANG_WARN_OBJC_LITERAL_CONVERSION = YES;
				CLANG_WARN_OBJC_ROOT_CLASS = YES_ERROR;
				CLANG_WARN_QUOTED_INCLUDE_IN_FRAMEWORK_HEADER = YES;
				CLANG_WARN_RANGE_LOOP_ANALYSIS = YES;
				CLANG_WARN_STRICT_PROTOTYPES = YES;
				CLANG_WARN_SUSPICIOUS_MOVE = YES;
				CLANG_WARN_UNGUARDED_AVAILABILITY = YES_AGGRESSIVE;
				CLANG_WARN_UNREACHABLE_CODE = YES;
				CLANG_WARN__DUPLICATE_METHOD_MATCH = YES;
				COPY_PHASE_STRIP = NO;
				DEBUG_INFORMATION_FORMAT = dwarf;
				ENABLE_STRICT_OBJC_MSGSEND = YES;
				ENABLE_TESTABILITY = YES;
				GCC_C_LANGUAGE_STANDARD = gnu11;
				GCC_DYNAMIC_NO_PIC = NO;
				GCC_NO_COMMON_BLOCKS = YES;
				GCC_OPTIMIZATION_LEVEL = 0;
				GCC_PREPROCESSOR_DEFINITIONS = (
					"DEBUG=1",
					"$(inherited)",
				);
				GCC_WARN_64_TO_32_BIT_CONVERSION = YES;
				GCC_WARN_ABOUT_RETURN_TYPE = YES_ERROR;
				GCC_WARN_UNDECLARED_SELECTOR = YES;
				GCC_WARN_UNINITIALIZED_AUTOS = YES_AGGRESSIVE;
				GCC_WARN_UNUSED_FUNCTION = YES;
				GCC_WARN_UNUSED_VARIABLE = YES;
				IPHONEOS_DEPLOYMENT_TARGET = 14.1;
				MTL_ENABLE_DEBUG_INFO = INCLUDE_SOURCE;
				MTL_FAST_MATH = YES;
				ONLY_ACTIVE_ARCH = YES;
				SDKROOT = iphoneos;
				SWIFT_ACTIVE_COMPILATION_CONDITIONS = DEBUG;
				SWIFT_OPTIMIZATION_LEVEL = "-Onone";
			};
			name = Debug;
		};
		EA9EC73D2579BF6500009CE0 /* Release */ = {
			isa = XCBuildConfiguration;
			buildSettings = {
				ALWAYS_SEARCH_USER_PATHS = NO;
				CLANG_ANALYZER_NONNULL = YES;
				CLANG_ANALYZER_NUMBER_OBJECT_CONVERSION = YES_AGGRESSIVE;
				CLANG_CXX_LANGUAGE_STANDARD = "gnu++14";
				CLANG_CXX_LIBRARY = "libc++";
				CLANG_ENABLE_MODULES = YES;
				CLANG_ENABLE_OBJC_ARC = YES;
				CLANG_ENABLE_OBJC_WEAK = YES;
				CLANG_WARN_BLOCK_CAPTURE_AUTORELEASING = YES;
				CLANG_WARN_BOOL_CONVERSION = YES;
				CLANG_WARN_COMMA = YES;
				CLANG_WARN_CONSTANT_CONVERSION = YES;
				CLANG_WARN_DEPRECATED_OBJC_IMPLEMENTATIONS = YES;
				CLANG_WARN_DIRECT_OBJC_ISA_USAGE = YES_ERROR;
				CLANG_WARN_DOCUMENTATION_COMMENTS = YES;
				CLANG_WARN_EMPTY_BODY = YES;
				CLANG_WARN_ENUM_CONVERSION = YES;
				CLANG_WARN_INFINITE_RECURSION = YES;
				CLANG_WARN_INT_CONVERSION = YES;
				CLANG_WARN_NON_LITERAL_NULL_CONVERSION = YES;
				CLANG_WARN_OBJC_IMPLICIT_RETAIN_SELF = YES;
				CLANG_WARN_OBJC_LITERAL_CONVERSION = YES;
				CLANG_WARN_OBJC_ROOT_CLASS = YES_ERROR;
				CLANG_WARN_QUOTED_INCLUDE_IN_FRAMEWORK_HEADER = YES;
				CLANG_WARN_RANGE_LOOP_ANALYSIS = YES;
				CLANG_WARN_STRICT_PROTOTYPES = YES;
				CLANG_WARN_SUSPICIOUS_MOVE = YES;
				CLANG_WARN_UNGUARDED_AVAILABILITY = YES_AGGRESSIVE;
				CLANG_WARN_UNREACHABLE_CODE = YES;
				CLANG_WARN__DUPLICATE_METHOD_MATCH = YES;
				COPY_PHASE_STRIP = NO;
				DEBUG_INFORMATION_FORMAT = "dwarf-with-dsym";
				ENABLE_NS_ASSERTIONS = NO;
				ENABLE_STRICT_OBJC_MSGSEND = YES;
				GCC_C_LANGUAGE_STANDARD = gnu11;
				GCC_NO_COMMON_BLOCKS = YES;
				GCC_WARN_64_TO_32_BIT_CONVERSION = YES;
				GCC_WARN_ABOUT_RETURN_TYPE = YES_ERROR;
				GCC_WARN_UNDECLARED_SELECTOR = YES;
				GCC_WARN_UNINITIALIZED_AUTOS = YES_AGGRESSIVE;
				GCC_WARN_UNUSED_FUNCTION = YES;
				GCC_WARN_UNUSED_VARIABLE = YES;
				IPHONEOS_DEPLOYMENT_TARGET = 14.1;
				MTL_ENABLE_DEBUG_INFO = NO;
				MTL_FAST_MATH = YES;
				SDKROOT = iphoneos;
				SWIFT_COMPILATION_MODE = wholemodule;
				SWIFT_OPTIMIZATION_LEVEL = "-O";
				VALIDATE_PRODUCT = YES;
			};
			name = Release;
		};
		EA9EC73F2579BF6500009CE0 /* Debug */ = {
			isa = XCBuildConfiguration;
			buildSettings = {
				ASSETCATALOG_COMPILER_APPICON_NAME = AppIcon;
				ASSETCATALOG_COMPILER_GLOBAL_ACCENT_COLOR_NAME = AccentColor;
				CODE_SIGN_STYLE = Automatic;
				DEVELOPMENT_TEAM = 5EEQXBZ866;
				INFOPLIST_FILE = MVVMSample2/Info.plist;
				LD_RUNPATH_SEARCH_PATHS = (
					"$(inherited)",
					"@executable_path/Frameworks",
				);
				PRODUCT_BUNDLE_IDENTIFIER = com.mayu.ue.MVVMSample2;
				PRODUCT_NAME = "$(TARGET_NAME)";
				SWIFT_VERSION = 5.0;
				TARGETED_DEVICE_FAMILY = "1,2";
			};
			name = Debug;
		};
		EA9EC7402579BF6500009CE0 /* Release */ = {
			isa = XCBuildConfiguration;
			buildSettings = {
				ASSETCATALOG_COMPILER_APPICON_NAME = AppIcon;
				ASSETCATALOG_COMPILER_GLOBAL_ACCENT_COLOR_NAME = AccentColor;
				CODE_SIGN_STYLE = Automatic;
				DEVELOPMENT_TEAM = 5EEQXBZ866;
				INFOPLIST_FILE = MVVMSample2/Info.plist;
				LD_RUNPATH_SEARCH_PATHS = (
					"$(inherited)",
					"@executable_path/Frameworks",
				);
				PRODUCT_BUNDLE_IDENTIFIER = com.mayu.ue.MVVMSample2;
				PRODUCT_NAME = "$(TARGET_NAME)";
				SWIFT_VERSION = 5.0;
				TARGETED_DEVICE_FAMILY = "1,2";
			};
			name = Release;
		};
/* End XCBuildConfiguration section */

/* Begin XCConfigurationList section */
		EA9EC7252579BF6500009CE0 /* Build configuration list for PBXProject "MVVMSample2" */ = {
			isa = XCConfigurationList;
			buildConfigurations = (
				EA9EC73C2579BF6500009CE0 /* Debug */,
				EA9EC73D2579BF6500009CE0 /* Release */,
			);
			defaultConfigurationIsVisible = 0;
			defaultConfigurationName = Release;
		};
		EA9EC73E2579BF6500009CE0 /* Build configuration list for PBXNativeTarget "MVVMSample2" */ = {
			isa = XCConfigurationList;
			buildConfigurations = (
				EA9EC73F2579BF6500009CE0 /* Debug */,
				EA9EC7402579BF6500009CE0 /* Release */,
			);
			defaultConfigurationIsVisible = 0;
			defaultConfigurationName = Release;
		};
/* End XCConfigurationList section */
	};
	rootObject = EA9EC7222579BF6500009CE0 /* Project object */;
}
